// !$*UTF8*$!
{
	archiveVersion = 1;
	classes = {
	};
	objectVersion = 50;
	objects = {

/* Begin PBXBuildFile section */
		39200305266CDE490083058C /* AppDelegate.swift in Sources */ = {isa = PBXBuildFile; fileRef = 39200304266CDE490083058C /* AppDelegate.swift */; };
		39200307266CDE490083058C /* SceneDelegate.swift in Sources */ = {isa = PBXBuildFile; fileRef = 39200306266CDE490083058C /* SceneDelegate.swift */; };
		39200309266CDE490083058C /* ViewController.swift in Sources */ = {isa = PBXBuildFile; fileRef = 39200308266CDE490083058C /* ViewController.swift */; };
		3920030C266CDE490083058C /* Main.storyboard in Resources */ = {isa = PBXBuildFile; fileRef = 3920030A266CDE490083058C /* Main.storyboard */; };
		3920030E266CDE4A0083058C /* Assets.xcassets in Resources */ = {isa = PBXBuildFile; fileRef = 3920030D266CDE4A0083058C /* Assets.xcassets */; };
		39200311266CDE4A0083058C /* LaunchScreen.storyboard in Resources */ = {isa = PBXBuildFile; fileRef = 3920030F266CDE4A0083058C /* LaunchScreen.storyboard */; };
		3920031B266CE0B00083058C /* ListCell.swift in Sources */ = {isa = PBXBuildFile; fileRef = 3920031A266CE0B00083058C /* ListCell.swift */; };
		39200339266D1D480083058C /* Realm.framework in Frameworks */ = {isa = PBXBuildFile; fileRef = 39200326266CED340083058C /* Realm.framework */; };
		3920033C266D1D4B0083058C /* RealmSwift.framework in Frameworks */ = {isa = PBXBuildFile; fileRef = 3920032E266D18B30083058C /* RealmSwift.framework */; };
/* End PBXBuildFile section */

/* Begin PBXFileReference section */
		39200301266CDE490083058C /* Dagtrip.app */ = {isa = PBXFileReference; explicitFileType = wrapper.application; includeInIndex = 0; path = Dagtrip.app; sourceTree = BUILT_PRODUCTS_DIR; };
		39200304266CDE490083058C /* AppDelegate.swift */ = {isa = PBXFileReference; lastKnownFileType = sourcecode.swift; path = AppDelegate.swift; sourceTree = "<group>"; };
		39200306266CDE490083058C /* SceneDelegate.swift */ = {isa = PBXFileReference; lastKnownFileType = sourcecode.swift; path = SceneDelegate.swift; sourceTree = "<group>"; };
		39200308266CDE490083058C /* ViewController.swift */ = {isa = PBXFileReference; lastKnownFileType = sourcecode.swift; path = ViewController.swift; sourceTree = "<group>"; };
		3920030B266CDE490083058C /* Base */ = {isa = PBXFileReference; lastKnownFileType = file.storyboard; name = Base; path = Base.lproj/Main.storyboard; sourceTree = "<group>"; };
		3920030D266CDE4A0083058C /* Assets.xcassets */ = {isa = PBXFileReference; lastKnownFileType = folder.assetcatalog; path = Assets.xcassets; sourceTree = "<group>"; };
		39200310266CDE4A0083058C /* Base */ = {isa = PBXFileReference; lastKnownFileType = file.storyboard; name = Base; path = Base.lproj/LaunchScreen.storyboard; sourceTree = "<group>"; };
		39200312266CDE4A0083058C /* Info.plist */ = {isa = PBXFileReference; lastKnownFileType = text.plist.xml; path = Info.plist; sourceTree = "<group>"; };
		3920031A266CE0B00083058C /* ListCell.swift */ = {isa = PBXFileReference; lastKnownFileType = sourcecode.swift; path = ListCell.swift; sourceTree = "<group>"; };
		39200321266CED000083058C /* Realm */ = {isa = PBXFileReference; lastKnownFileType = "compiled.mach-o.dylib"; name = Realm; path = Carthage/Build/iOS/Realm.framework/Realm; sourceTree = "<group>"; };
		39200326266CED340083058C /* Realm.framework */ = {isa = PBXFileReference; lastKnownFileType = wrapper.framework; name = Realm.framework; path = Carthage/Build/iOS/Realm.framework; sourceTree = "<group>"; };
		3920032E266D18B30083058C /* RealmSwift.framework */ = {isa = PBXFileReference; lastKnownFileType = wrapper.framework; name = RealmSwift.framework; path = Carthage/Build/iOS/RealmSwift.framework; sourceTree = "<group>"; };
/* End PBXFileReference section */

/* Begin PBXFrameworksBuildPhase section */
		392002FE266CDE490083058C /* Frameworks */ = {
			isa = PBXFrameworksBuildPhase;
			buildActionMask = 2147483647;
			files = (
				3920033C266D1D4B0083058C /* RealmSwift.framework in Frameworks */,
				39200339266D1D480083058C /* Realm.framework in Frameworks */,
			);
			runOnlyForDeploymentPostprocessing = 0;
		};
/* End PBXFrameworksBuildPhase section */

/* Begin PBXGroup section */
		392002F8266CDE490083058C = {
			isa = PBXGroup;
			children = (
				39200303266CDE490083058C /* Dagtrip */,
				39200302266CDE490083058C /* Products */,
				39200320266CED000083058C /* Frameworks */,
			);
			sourceTree = "<group>";
		};
		39200302266CDE490083058C /* Products */ = {
			isa = PBXGroup;
			children = (
				39200301266CDE490083058C /* Dagtrip.app */,
			);
			name = Products;
			sourceTree = "<group>";
		};
		39200303266CDE490083058C /* Dagtrip */ = {
			isa = PBXGroup;
			children = (
				398572812677A8CC009E454A /* New Group */,
				39200304266CDE490083058C /* AppDelegate.swift */,
				39200306266CDE490083058C /* SceneDelegate.swift */,
				39200308266CDE490083058C /* ViewController.swift */,
				3920030A266CDE490083058C /* Main.storyboard */,
				3920030D266CDE4A0083058C /* Assets.xcassets */,
				3920030F266CDE4A0083058C /* LaunchScreen.storyboard */,
				39200312266CDE4A0083058C /* Info.plist */,
				3920031A266CE0B00083058C /* ListCell.swift */,
			);
			path = Dagtrip;
			sourceTree = "<group>";
		};
		39200320266CED000083058C /* Frameworks */ = {
			isa = PBXGroup;
			children = (
				3920032E266D18B30083058C /* RealmSwift.framework */,
				39200326266CED340083058C /* Realm.framework */,
				39200321266CED000083058C /* Realm */,
			);
			name = Frameworks;
			sourceTree = "<group>";
		};
		398572812677A8CC009E454A /* New Group */ = {
			isa = PBXGroup;
			children = (
			);
			path = "New Group";
			sourceTree = "<group>";
		};
/* End PBXGroup section */

/* Begin PBXNativeTarget section */
		39200300266CDE490083058C /* Dagtrip */ = {
			isa = PBXNativeTarget;
			buildConfigurationList = 39200315266CDE4A0083058C /* Build configuration list for PBXNativeTarget "Dagtrip" */;
			buildPhases = (
				392002FD266CDE490083058C /* Sources */,
				392002FE266CDE490083058C /* Frameworks */,
				392002FF266CDE490083058C /* Resources */,
				3920032A266CED720083058C /* ShellScript */,
			);
			buildRules = (
			);
			dependencies = (
			);
			name = Dagtrip;
			productName = Dagtrip;
			productReference = 39200301266CDE490083058C /* Dagtrip.app */;
			productType = "com.apple.product-type.application";
		};
/* End PBXNativeTarget section */

/* Begin PBXProject section */
		392002F9266CDE490083058C /* Project object */ = {
			isa = PBXProject;
			attributes = {
				LastSwiftUpdateCheck = 1240;
				LastUpgradeCheck = 1240;
				TargetAttributes = {
					39200300266CDE490083058C = {
						CreatedOnToolsVersion = 12.4;
					};
				};
			};
			buildConfigurationList = 392002FC266CDE490083058C /* Build configuration list for PBXProject "Dagtrip" */;
			compatibilityVersion = "Xcode 9.3";
			developmentRegion = en;
			hasScannedForEncodings = 0;
			knownRegions = (
				en,
				Base,
			);
			mainGroup = 392002F8266CDE490083058C;
			productRefGroup = 39200302266CDE490083058C /* Products */;
			projectDirPath = "";
			projectRoot = "";
			targets = (
				39200300266CDE490083058C /* Dagtrip */,
			);
		};
/* End PBXProject section */

/* Begin PBXResourcesBuildPhase section */
		392002FF266CDE490083058C /* Resources */ = {
			isa = PBXResourcesBuildPhase;
			buildActionMask = 2147483647;
			files = (
				39200311266CDE4A0083058C /* LaunchScreen.storyboard in Resources */,
				3920030E266CDE4A0083058C /* Assets.xcassets in Resources */,
				3920030C266CDE490083058C /* Main.storyboard in Resources */,
			);
			runOnlyForDeploymentPostprocessing = 0;
		};
/* End PBXResourcesBuildPhase section */

/* Begin PBXShellScriptBuildPhase section */
		3920032A266CED720083058C /* ShellScript */ = {
			isa = PBXShellScriptBuildPhase;
			buildActionMask = 12;
			files = (
			);
			inputFileListPaths = (
			);
			inputPaths = (
				"$(SRCROOT)/Carthage/Build/iOS/Realm.framework",
				"$(SRCROOT)/Carthage/Build/iOS/RealmSwift.framework",
			);
			outputFileListPaths = (
			);
			outputPaths = (
			);
			runOnlyForDeploymentPostprocessing = 0;
			shellPath = /bin/sh;
			shellScript = "/usr/local/bin/carthage copy-frameworks\n";
		};
/* End PBXShellScriptBuildPhase section */

/* Begin PBXSourcesBuildPhase section */
		392002FD266CDE490083058C /* Sources */ = {
			isa = PBXSourcesBuildPhase;
			buildActionMask = 2147483647;
			files = (
				39200309266CDE490083058C /* ViewController.swift in Sources */,
				3920031B266CE0B00083058C /* ListCell.swift in Sources */,
				39200305266CDE490083058C /* AppDelegate.swift in Sources */,
				39200307266CDE490083058C /* SceneDelegate.swift in Sources */,
			);
			runOnlyForDeploymentPostprocessing = 0;
		};
/* End PBXSourcesBuildPhase section */

/* Begin PBXVariantGroup section */
		3920030A266CDE490083058C /* Main.storyboard */ = {
			isa = PBXVariantGroup;
			children = (
				3920030B266CDE490083058C /* Base */,
			);
			name = Main.storyboard;
			sourceTree = "<group>";
		};
		3920030F266CDE4A0083058C /* LaunchScreen.storyboard */ = {
			isa = PBXVariantGroup;
			children = (
				39200310266CDE4A0083058C /* Base */,
			);
			name = LaunchScreen.storyboard;
			sourceTree = "<group>";
		};
/* End PBXVariantGroup section */

/* Begin XCBuildConfiguration section */
		39200313266CDE4A0083058C /* Debug */ = {
			isa = XCBuildConfiguration;
			buildSettings = {
				ALWAYS_SEARCH_USER_PATHS = NO;
				CLANG_ANALYZER_NONNULL = YES;
				CLANG_ANALYZER_NUMBER_OBJECT_CONVERSION = YES_AGGRESSIVE;
				CLANG_CXX_LANGUAGE_STANDARD = "gnu++14";
				CLANG_CXX_LIBRARY = "libc++";
				CLANG_ENABLE_MODULES = YES;
				CLANG_ENABLE_OBJC_ARC = YES;
				CLANG_ENABLE_OBJC_WEAK = YES;
				CLANG_WARN_BLOCK_CAPTURE_AUTORELEASING = YES;
				CLANG_WARN_BOOL_CONVERSION = YES;
				CLANG_WARN_COMMA = YES;
				CLANG_WARN_CONSTANT_CONVERSION = YES;
				CLANG_WARN_DEPRECATED_OBJC_IMPLEMENTATIONS = YES;
				CLANG_WARN_DIRECT_OBJC_ISA_USAGE = YES_ERROR;
				CLANG_WARN_DOCUMENTATION_COMMENTS = YES;
				CLANG_WARN_EMPTY_BODY = YES;
				CLANG_WARN_ENUM_CONVERSION = YES;
				CLANG_WARN_INFINITE_RECURSION = YES;
				CLANG_WARN_INT_CONVERSION = YES;
				CLANG_WARN_NON_LITERAL_NULL_CONVERSION = YES;
				CLANG_WARN_OBJC_IMPLICIT_RETAIN_SELF = YES;
				CLANG_WARN_OBJC_LITERAL_CONVERSION = YES;
				CLANG_WARN_OBJC_ROOT_CLASS = YES_ERROR;
				CLANG_WARN_QUOTED_INCLUDE_IN_FRAMEWORK_HEADER = YES;
				CLANG_WARN_RANGE_LOOP_ANALYSIS = YES;
				CLANG_WARN_STRICT_PROTOTYPES = YES;
				CLANG_WARN_SUSPICIOUS_MOVE = YES;
				CLANG_WARN_UNGUARDED_AVAILABILITY = YES_AGGRESSIVE;
				CLANG_WARN_UNREACHABLE_CODE = YES;
				CLANG_WARN__DUPLICATE_METHOD_MATCH = YES;
				COPY_PHASE_STRIP = NO;
				DEBUG_INFORMATION_FORMAT = dwarf;
				ENABLE_STRICT_OBJC_MSGSEND = YES;
				ENABLE_TESTABILITY = YES;
				GCC_C_LANGUAGE_STANDARD = gnu11;
				GCC_DYNAMIC_NO_PIC = NO;
				GCC_NO_COMMON_BLOCKS = YES;
				GCC_OPTIMIZATION_LEVEL = 0;
				GCC_PREPROCESSOR_DEFINITIONS = (
					"DEBUG=1",
					"$(inherited)",
				);
				GCC_WARN_64_TO_32_BIT_CONVERSION = YES;
				GCC_WARN_ABOUT_RETURN_TYPE = YES_ERROR;
				GCC_WARN_UNDECLARED_SELECTOR = YES;
				GCC_WARN_UNINITIALIZED_AUTOS = YES_AGGRESSIVE;
				GCC_WARN_UNUSED_FUNCTION = YES;
				GCC_WARN_UNUSED_VARIABLE = YES;
				IPHONEOS_DEPLOYMENT_TARGET = 14.4;
				MTL_ENABLE_DEBUG_INFO = INCLUDE_SOURCE;
				MTL_FAST_MATH = YES;
				ONLY_ACTIVE_ARCH = YES;
				SDKROOT = iphoneos;
				SWIFT_ACTIVE_COMPILATION_CONDITIONS = DEBUG;
				SWIFT_OPTIMIZATION_LEVEL = "-Onone";
			};
			name = Debug;
		};
		39200314266CDE4A0083058C /* Release */ = {
			isa = XCBuildConfiguration;
			buildSettings = {
				ALWAYS_SEARCH_USER_PATHS = NO;
				CLANG_ANALYZER_NONNULL = YES;
				CLANG_ANALYZER_NUMBER_OBJECT_CONVERSION = YES_AGGRESSIVE;
				CLANG_CXX_LANGUAGE_STANDARD = "gnu++14";
				CLANG_CXX_LIBRARY = "libc++";
				CLANG_ENABLE_MODULES = YES;
				CLANG_ENABLE_OBJC_ARC = YES;
				CLANG_ENABLE_OBJC_WEAK = YES;
				CLANG_WARN_BLOCK_CAPTURE_AUTORELEASING = YES;
				CLANG_WARN_BOOL_CONVERSION = YES;
				CLANG_WARN_COMMA = YES;
				CLANG_WARN_CONSTANT_CONVERSION = YES;
				CLANG_WARN_DEPRECATED_OBJC_IMPLEMENTATIONS = YES;
				CLANG_WARN_DIRECT_OBJC_ISA_USAGE = YES_ERROR;
				CLANG_WARN_DOCUMENTATION_COMMENTS = YES;
				CLANG_WARN_EMPTY_BODY = YES;
				CLANG_WARN_ENUM_CONVERSION = YES;
				CLANG_WARN_INFINITE_RECURSION = YES;
				CLANG_WARN_INT_CONVERSION = YES;
				CLANG_WARN_NON_LITERAL_NULL_CONVERSION = YES;
				CLANG_WARN_OBJC_IMPLICIT_RETAIN_SELF = YES;
				CLANG_WARN_OBJC_LITERAL_CONVERSION = YES;
				CLANG_WARN_OBJC_ROOT_CLASS = YES_ERROR;
				CLANG_WARN_QUOTED_INCLUDE_IN_FRAMEWORK_HEADER = YES;
				CLANG_WARN_RANGE_LOOP_ANALYSIS = YES;
				CLANG_WARN_STRICT_PROTOTYPES = YES;
				CLANG_WARN_SUSPICIOUS_MOVE = YES;
				CLANG_WARN_UNGUARDED_AVAILABILITY = YES_AGGRESSIVE;
				CLANG_WARN_UNREACHABLE_CODE = YES;
				CLANG_WARN__DUPLICATE_METHOD_MATCH = YES;
				COPY_PHASE_STRIP = NO;
				DEBUG_INFORMATION_FORMAT = "dwarf-with-dsym";
				ENABLE_NS_ASSERTIONS = NO;
				ENABLE_STRICT_OBJC_MSGSEND = YES;
				GCC_C_LANGUAGE_STANDARD = gnu11;
				GCC_NO_COMMON_BLOCKS = YES;
				GCC_WARN_64_TO_32_BIT_CONVERSION = YES;
				GCC_WARN_ABOUT_RETURN_TYPE = YES_ERROR;
				GCC_WARN_UNDECLARED_SELECTOR = YES;
				GCC_WARN_UNINITIALIZED_AUTOS = YES_AGGRESSIVE;
				GCC_WARN_UNUSED_FUNCTION = YES;
				GCC_WARN_UNUSED_VARIABLE = YES;
				IPHONEOS_DEPLOYMENT_TARGET = 14.4;
				MTL_ENABLE_DEBUG_INFO = NO;
				MTL_FAST_MATH = YES;
				SDKROOT = iphoneos;
				SWIFT_COMPILATION_MODE = wholemodule;
				SWIFT_OPTIMIZATION_LEVEL = "-O";
				VALIDATE_PRODUCT = YES;
			};
			name = Release;
		};
		39200316266CDE4A0083058C /* Debug */ = {
			isa = XCBuildConfiguration;
			buildSettings = {
				ASSETCATALOG_COMPILER_APPICON_NAME = AppIcon;
				ASSETCATALOG_COMPILER_GLOBAL_ACCENT_COLOR_NAME = AccentColor;
				CODE_SIGN_STYLE = Automatic;
				FRAMEWORK_SEARCH_PATHS = (
					"$(inherited)",
					"$(PROJECT_DIR)/Carthage/Build/iOS",
				);
				INFOPLIST_FILE = Dagtrip/Info.plist;
				LD_RUNPATH_SEARCH_PATHS = (
					"$(inherited)",
					"@executable_path/Frameworks",
				);
				LIBRARY_SEARCH_PATHS = (
					"$(inherited)",
					"$(PROJECT_DIR)/Carthage/Build/iOS/Realm.framework",
				);
				PRODUCT_BUNDLE_IDENTIFIER = smi.Dagtrip;
				PRODUCT_NAME = "$(TARGET_NAME)";
				SWIFT_VERSION = 5.0;
				TARGETED_DEVICE_FAMILY = 1;
			};
			name = Debug;
		};
		39200317266CDE4A0083058C /* Release */ = {
			isa = XCBuildConfiguration;
			buildSettings = {
				ASSETCATALOG_COMPILER_APPICON_NAME = AppIcon;
				ASSETCATALOG_COMPILER_GLOBAL_ACCENT_COLOR_NAME = AccentColor;
				CODE_SIGN_STYLE = Automatic;
				FRAMEWORK_SEARCH_PATHS = (
					"$(inherited)",
					"$(PROJECT_DIR)/Carthage/Build/iOS",
				);
				INFOPLIST_FILE = Dagtrip/Info.plist;
				LD_RUNPATH_SEARCH_PATHS = (
					"$(inherited)",
					"@executable_path/Frameworks",
				);
				LIBRARY_SEARCH_PATHS = (
					"$(inherited)",
					"$(PROJECT_DIR)/Carthage/Build/iOS/Realm.framework",
				);
				PRODUCT_BUNDLE_IDENTIFIER = smi.Dagtrip;
				PRODUCT_NAME = "$(TARGET_NAME)";
				SWIFT_VERSION = 5.0;
				TARGETED_DEVICE_FAMILY = 1;
			};
			name = Release;
		};
/* End XCBuildConfiguration section */

/* Begin XCConfigurationList section */
		392002FC266CDE490083058C /* Build configuration list for PBXProject "Dagtrip" */ = {
			isa = XCConfigurationList;
			buildConfigurations = (
				39200313266CDE4A0083058C /* Debug */,
				39200314266CDE4A0083058C /* Release */,
			);
			defaultConfigurationIsVisible = 0;
			defaultConfigurationName = Release;
		};
		39200315266CDE4A0083058C /* Build configuration list for PBXNativeTarget "Dagtrip" */ = {
			isa = XCConfigurationList;
			buildConfigurations = (
				39200316266CDE4A0083058C /* Debug */,
				39200317266CDE4A0083058C /* Release */,
			);
			defaultConfigurationIsVisible = 0;
			defaultConfigurationName = Release;
		};
/* End XCConfigurationList section */
	};
	rootObject = 392002F9266CDE490083058C /* Project object */;
}
